
Microsoft Visual Studio Solution File, Format Version 12.00
# Visual Studio 14
VisualStudioVersion = 14.0.23107.0
MinimumVisualStudioVersion = 10.0.40219.1
Project("{2150E333-8FDC-42A3-9474-1A3956D46DE8}") = "src", "src", "{A9538507-8ECF-4FCD-871A-F5CE4A41C832}"
EndProject
Project("{2150E333-8FDC-42A3-9474-1A3956D46DE8}") = "Solution Items", "Solution Items", "{028E9C9B-A137-42A5-B0FB-BF22C9D23E97}"
	ProjectSection(SolutionItems) = preProject
		global.json = global.json
	EndProjectSection
EndProject
Project("{8BB2217D-0F2D-49D1-97BC-3654ED321F3B}") = "Servant", "src\Servant\Servant.xproj", "{F4676855-4D52-4769-B3F1-7BC29DA4CEEE}"
EndProject
Project("{2150E333-8FDC-42A3-9474-1A3956D46DE8}") = "test", "test", "{BC080828-F2C4-4E80-9558-99B4575D7BD7}"
EndProject
Project("{8BB2217D-0F2D-49D1-97BC-3654ED321F3B}") = "Servant.Core", "src\Servant.Core\Servant.Core.xproj", "{33BCE68C-EEC5-4EF6-8ED3-F19464C8799F}"
EndProject
Project("{8BB2217D-0F2D-49D1-97BC-3654ED321F3B}") = "Servant.Tests.Site", "test\Servant.Tests.Site\Servant.Tests.Site.xproj", "{546FCF77-9182-4410-A2C2-376CA98FDF56}"
EndProject
Project("{8BB2217D-0F2D-49D1-97BC-3654ED321F3B}") = "Servant.Test.Unit", "test\Servant.Test.Unit\Servant.Test.Unit.xproj", "{9FE8BF27-092A-421C-BEC3-50BC7F9FE5CD}"
EndProject
Project("{2150E333-8FDC-42A3-9474-1A3956D46DE8}") = "routing", "routing", "{4DEA5C35-B61A-4910-B826-308DE3E9613B}"
EndProject
Project("{8BB2217D-0F2D-49D1-97BC-3654ED321F3B}") = "Servant.Test.Routing.Unit", "test\routing\Servant.Test.Routing.Unit\Servant.Test.Routing.Unit.xproj", "{8D4CBA7F-AADF-4723-86A6-063BF9292D42}"
EndProject
Project("{8BB2217D-0F2D-49D1-97BC-3654ED321F3B}") = "Servant.Routing", "src\Servant.Routing\Servant.Routing.xproj", "{6A195DE7-7D63-4B44-9AB7-3B478025470E}"
EndProject
Global
	GlobalSection(SolutionConfigurationPlatforms) = preSolution
		Debug|Any CPU = Debug|Any CPU
		Release|Any CPU = Release|Any CPU
	EndGlobalSection
	GlobalSection(ProjectConfigurationPlatforms) = postSolution
		{F4676855-4D52-4769-B3F1-7BC29DA4CEEE}.Debug|Any CPU.ActiveCfg = Debug|Any CPU
		{F4676855-4D52-4769-B3F1-7BC29DA4CEEE}.Debug|Any CPU.Build.0 = Debug|Any CPU
		{F4676855-4D52-4769-B3F1-7BC29DA4CEEE}.Release|Any CPU.ActiveCfg = Release|Any CPU
		{F4676855-4D52-4769-B3F1-7BC29DA4CEEE}.Release|Any CPU.Build.0 = Release|Any CPU
		{33BCE68C-EEC5-4EF6-8ED3-F19464C8799F}.Debug|Any CPU.ActiveCfg = Debug|Any CPU
		{33BCE68C-EEC5-4EF6-8ED3-F19464C8799F}.Debug|Any CPU.Build.0 = Debug|Any CPU
		{33BCE68C-EEC5-4EF6-8ED3-F19464C8799F}.Release|Any CPU.ActiveCfg = Release|Any CPU
		{33BCE68C-EEC5-4EF6-8ED3-F19464C8799F}.Release|Any CPU.Build.0 = Release|Any CPU
		{546FCF77-9182-4410-A2C2-376CA98FDF56}.Debug|Any CPU.ActiveCfg = Debug|Any CPU
		{546FCF77-9182-4410-A2C2-376CA98FDF56}.Debug|Any CPU.Build.0 = Debug|Any CPU
		{546FCF77-9182-4410-A2C2-376CA98FDF56}.Release|Any CPU.ActiveCfg = Release|Any CPU
		{546FCF77-9182-4410-A2C2-376CA98FDF56}.Release|Any CPU.Build.0 = Release|Any CPU
		{9FE8BF27-092A-421C-BEC3-50BC7F9FE5CD}.Debug|Any CPU.ActiveCfg = Debug|Any CPU
		{9FE8BF27-092A-421C-BEC3-50BC7F9FE5CD}.Debug|Any CPU.Build.0 = Debug|Any CPU
		{9FE8BF27-092A-421C-BEC3-50BC7F9FE5CD}.Release|Any CPU.ActiveCfg = Release|Any CPU
		{9FE8BF27-092A-421C-BEC3-50BC7F9FE5CD}.Release|Any CPU.Build.0 = Release|Any CPU
		{8D4CBA7F-AADF-4723-86A6-063BF9292D42}.Debug|Any CPU.ActiveCfg = Debug|Any CPU
		{8D4CBA7F-AADF-4723-86A6-063BF9292D42}.Debug|Any CPU.Build.0 = Debug|Any CPU
		{8D4CBA7F-AADF-4723-86A6-063BF9292D42}.Release|Any CPU.ActiveCfg = Release|Any CPU
		{8D4CBA7F-AADF-4723-86A6-063BF9292D42}.Release|Any CPU.Build.0 = Release|Any CPU
		{6A195DE7-7D63-4B44-9AB7-3B478025470E}.Debug|Any CPU.ActiveCfg = Debug|Any CPU
		{6A195DE7-7D63-4B44-9AB7-3B478025470E}.Debug|Any CPU.Build.0 = Debug|Any CPU
		{6A195DE7-7D63-4B44-9AB7-3B478025470E}.Release|Any CPU.ActiveCfg = Release|Any CPU
		{6A195DE7-7D63-4B44-9AB7-3B478025470E}.Release|Any CPU.Build.0 = Release|Any CPU
	EndGlobalSection
	GlobalSection(SolutionProperties) = preSolution
		HideSolutionNode = FALSE
	EndGlobalSection
	GlobalSection(NestedProjects) = preSolution
		{F4676855-4D52-4769-B3F1-7BC29DA4CEEE} = {A9538507-8ECF-4FCD-871A-F5CE4A41C832}
		{33BCE68C-EEC5-4EF6-8ED3-F19464C8799F} = {A9538507-8ECF-4FCD-871A-F5CE4A41C832}
		{546FCF77-9182-4410-A2C2-376CA98FDF56} = {BC080828-F2C4-4E80-9558-99B4575D7BD7}
		{9FE8BF27-092A-421C-BEC3-50BC7F9FE5CD} = {BC080828-F2C4-4E80-9558-99B4575D7BD7}
		{4DEA5C35-B61A-4910-B826-308DE3E9613B} = {BC080828-F2C4-4E80-9558-99B4575D7BD7}
		{8D4CBA7F-AADF-4723-86A6-063BF9292D42} = {4DEA5C35-B61A-4910-B826-308DE3E9613B}
		{6A195DE7-7D63-4B44-9AB7-3B478025470E} = {A9538507-8ECF-4FCD-871A-F5CE4A41C832}
	EndGlobalSection
EndGlobal
